
Microsoft Visual Studio Solution File, Format Version 12.00
# Visual Studio Version 17
VisualStudioVersion = 17.9.34723.18
MinimumVisualStudioVersion = 10.0.40219.1
Project("{9A19103F-16F7-4668-BE54-9A1E7A4F7556}") = "Lesson3", "Lesson3\Lesson3.csproj", "{49B301D9-8EC1-45C5-B8D6-CB746516AAC4}"
EndProject
Project("{9A19103F-16F7-4668-BE54-9A1E7A4F7556}") = "Operators", "Operators\Operators.csproj", "{821244E5-7116-459B-8EAC-5CBB5891B17C}"
EndProject
Project("{9A19103F-16F7-4668-BE54-9A1E7A4F7556}") = "Practice1", "Practice1\Practice1.csproj", "{7CDCF223-4956-4D1F-A0E6-339312FA64CF}"
EndProject
Project("{9A19103F-16F7-4668-BE54-9A1E7A4F7556}") = "Loops", "Loops\Loops.csproj", "{8FEAF07C-EB1F-40D1-836C-6C1B020B70AC}"
EndProject
Project("{9A19103F-16F7-4668-BE54-9A1E7A4F7556}") = "Arrays", "Arrays\Arrays.csproj", "{A66EB0BD-3C1F-44CD-95C6-035D6774F126}"
EndProject
Project("{9A19103F-16F7-4668-BE54-9A1E7A4F7556}") = "Codinarium.ArrayListLesson", "Codinarium.ArrayListLesson\Codinarium.ArrayListLesson.csproj", "{361AEF6D-E384-4845-878E-401F0F606513}"
EndProject
Project("{9A19103F-16F7-4668-BE54-9A1E7A4F7556}") = "Codinarium.Strings", "Codinarium.Strings\Codinarium.Strings.csproj", "{B5D5961D-1B26-4CC9-96EB-0C45F8C3A5B2}"
EndProject
Project("{9A19103F-16F7-4668-BE54-9A1E7A4F7556}") = "Methods", "Methods\Methods.csproj", "{F4698C02-9771-44DF-B677-5AAE298A3650}"
EndProject
Project("{9A19103F-16F7-4668-BE54-9A1E7A4F7556}") = "Exceptions", "Exceptions\Exceptions.csproj", "{B22A0622-D79E-46B8-99C0-FF8F75A46810}"
EndProject
Project("{2150E333-8FDC-42A3-9474-1A3956D46DE8}") = "OOP", "OOP", "{43AB05B0-C106-4D40-B464-2E8808A5A233}"
EndProject
Project("{9A19103F-16F7-4668-BE54-9A1E7A4F7556}") = "Codinarium.OOP.Lesson1", "Codinarium.OOP.Lesson1\Codinarium.OOP.Lesson1.csproj", "{95E610CB-5082-40E1-9CC4-C4FC1BD12994}"
EndProject
Project("{9A19103F-16F7-4668-BE54-9A1E7A4F7556}") = "OOP.Lesson2", "OOP.Lesson2\OOP.Lesson2.csproj", "{4EE3DA27-3DDD-4D1D-81A3-663238A002AB}"
EndProject
Project("{9A19103F-16F7-4668-BE54-9A1E7A4F7556}") = "Lesson3.Practical", "Lesson3.Practical\Lesson3.Practical.csproj", "{8A425F7E-E248-4426-9B95-AB2672437EE2}"
EndProject
Project("{9A19103F-16F7-4668-BE54-9A1E7A4F7556}") = "Inheritance", "Inheritance\Inheritance.csproj", "{87BE7FEC-E1D4-4FF4-98ED-204E19BD6D50}"
EndProject
Project("{9A19103F-16F7-4668-BE54-9A1E7A4F7556}") = "Polymorphism", "Polymorphism\Polymorphism.csproj", "{31238FCE-422E-42BB-9D0D-0C9477C9FD23}"
EndProject
Project("{9A19103F-16F7-4668-BE54-9A1E7A4F7556}") = "Abstraction.Interface", "Abstraction.Interface\Abstraction.Interface.csproj", "{554A504A-9F20-4C37-87C8-123CB86FB6FD}"
EndProject
Project("{9A19103F-16F7-4668-BE54-9A1E7A4F7556}") = "RefAndOut", "RefAndOut\RefAndOut.csproj", "{7F72BD94-7CB4-4778-B5DA-89ACFBFF53AB}"
EndProject
Project("{9A19103F-16F7-4668-BE54-9A1E7A4F7556}") = "Tasks", "Tasks\Tasks.csproj", "{3773845E-DC1C-4D55-87FF-FC2E6FDA4A3F}"
EndProject
Project("{9A19103F-16F7-4668-BE54-9A1E7A4F7556}") = "OOP.Generics", "OOP.Generics\OOP.Generics.csproj", "{C0DB86F8-F0AA-4277-ADA9-9EF494A3E37B}"
EndProject
Project("{9A19103F-16F7-4668-BE54-9A1E7A4F7556}") = "CarProject", "CarProject\CarProject.csproj", "{3A3DBDC3-78CE-4B02-8CB5-2509452F30BD}"
EndProject
Project("{9A19103F-16F7-4668-BE54-9A1E7A4F7556}") = "Structs", "Structs\Structs.csproj", "{A3032D74-C6CB-4CE0-98B8-EF14CD3DE7FA}"
EndProject
Project("{9A19103F-16F7-4668-BE54-9A1E7A4F7556}") = "AccessModifiers", "AccessModifiers\AccessModifiers.csproj", "{E2B7FE46-0FC3-4515-83F4-48BD4ED29FA4}"
EndProject
Project("{9A19103F-16F7-4668-BE54-9A1E7A4F7556}") = "OOP.Delegates", "OOP.Delegates\OOP.Delegates.csproj", "{775563A6-1957-403D-97F3-7B47053AFFF3}"
EndProject
Project("{FAE04EC0-301F-11D3-BF4B-00C04F79EFBC}") = "FirstConsoleAdoNetProject", "FirstConsoleAdoNetProject\FirstConsoleAdoNetProject.csproj", "{87684B1B-358B-481C-9421-A9953FB7C12B}"
EndProject
Global
	GlobalSection(SolutionConfigurationPlatforms) = preSolution
		Debug|Any CPU = Debug|Any CPU
		Release|Any CPU = Release|Any CPU
	EndGlobalSection
	GlobalSection(ProjectConfigurationPlatforms) = postSolution
		{49B301D9-8EC1-45C5-B8D6-CB746516AAC4}.Debug|Any CPU.ActiveCfg = Debug|Any CPU
		{49B301D9-8EC1-45C5-B8D6-CB746516AAC4}.Debug|Any CPU.Build.0 = Debug|Any CPU
		{49B301D9-8EC1-45C5-B8D6-CB746516AAC4}.Release|Any CPU.ActiveCfg = Release|Any CPU
		{49B301D9-8EC1-45C5-B8D6-CB746516AAC4}.Release|Any CPU.Build.0 = Release|Any CPU
		{821244E5-7116-459B-8EAC-5CBB5891B17C}.Debug|Any CPU.ActiveCfg = Debug|Any CPU
		{821244E5-7116-459B-8EAC-5CBB5891B17C}.Debug|Any CPU.Build.0 = Debug|Any CPU
		{821244E5-7116-459B-8EAC-5CBB5891B17C}.Release|Any CPU.ActiveCfg = Release|Any CPU
		{821244E5-7116-459B-8EAC-5CBB5891B17C}.Release|Any CPU.Build.0 = Release|Any CPU
		{7CDCF223-4956-4D1F-A0E6-339312FA64CF}.Debug|Any CPU.ActiveCfg = Debug|Any CPU
		{7CDCF223-4956-4D1F-A0E6-339312FA64CF}.Debug|Any CPU.Build.0 = Debug|Any CPU
		{7CDCF223-4956-4D1F-A0E6-339312FA64CF}.Release|Any CPU.ActiveCfg = Release|Any CPU
		{7CDCF223-4956-4D1F-A0E6-339312FA64CF}.Release|Any CPU.Build.0 = Release|Any CPU
		{8FEAF07C-EB1F-40D1-836C-6C1B020B70AC}.Debug|Any CPU.ActiveCfg = Debug|Any CPU
		{8FEAF07C-EB1F-40D1-836C-6C1B020B70AC}.Debug|Any CPU.Build.0 = Debug|Any CPU
		{8FEAF07C-EB1F-40D1-836C-6C1B020B70AC}.Release|Any CPU.ActiveCfg = Release|Any CPU
		{8FEAF07C-EB1F-40D1-836C-6C1B020B70AC}.Release|Any CPU.Build.0 = Release|Any CPU
		{A66EB0BD-3C1F-44CD-95C6-035D6774F126}.Debug|Any CPU.ActiveCfg = Debug|Any CPU
		{A66EB0BD-3C1F-44CD-95C6-035D6774F126}.Debug|Any CPU.Build.0 = Debug|Any CPU
		{A66EB0BD-3C1F-44CD-95C6-035D6774F126}.Release|Any CPU.ActiveCfg = Release|Any CPU
		{A66EB0BD-3C1F-44CD-95C6-035D6774F126}.Release|Any CPU.Build.0 = Release|Any CPU
		{361AEF6D-E384-4845-878E-401F0F606513}.Debug|Any CPU.ActiveCfg = Debug|Any CPU
		{361AEF6D-E384-4845-878E-401F0F606513}.Debug|Any CPU.Build.0 = Debug|Any CPU
		{361AEF6D-E384-4845-878E-401F0F606513}.Release|Any CPU.ActiveCfg = Release|Any CPU
		{361AEF6D-E384-4845-878E-401F0F606513}.Release|Any CPU.Build.0 = Release|Any CPU
		{B5D5961D-1B26-4CC9-96EB-0C45F8C3A5B2}.Debug|Any CPU.ActiveCfg = Debug|Any CPU
		{B5D5961D-1B26-4CC9-96EB-0C45F8C3A5B2}.Debug|Any CPU.Build.0 = Debug|Any CPU
		{B5D5961D-1B26-4CC9-96EB-0C45F8C3A5B2}.Release|Any CPU.ActiveCfg = Release|Any CPU
		{B5D5961D-1B26-4CC9-96EB-0C45F8C3A5B2}.Release|Any CPU.Build.0 = Release|Any CPU
		{F4698C02-9771-44DF-B677-5AAE298A3650}.Debug|Any CPU.ActiveCfg = Debug|Any CPU
		{F4698C02-9771-44DF-B677-5AAE298A3650}.Debug|Any CPU.Build.0 = Debug|Any CPU
		{F4698C02-9771-44DF-B677-5AAE298A3650}.Release|Any CPU.ActiveCfg = Release|Any CPU
		{F4698C02-9771-44DF-B677-5AAE298A3650}.Release|Any CPU.Build.0 = Release|Any CPU
		{B22A0622-D79E-46B8-99C0-FF8F75A46810}.Debug|Any CPU.ActiveCfg = Debug|Any CPU
		{B22A0622-D79E-46B8-99C0-FF8F75A46810}.Debug|Any CPU.Build.0 = Debug|Any CPU
		{B22A0622-D79E-46B8-99C0-FF8F75A46810}.Release|Any CPU.ActiveCfg = Release|Any CPU
		{B22A0622-D79E-46B8-99C0-FF8F75A46810}.Release|Any CPU.Build.0 = Release|Any CPU
		{95E610CB-5082-40E1-9CC4-C4FC1BD12994}.Debug|Any CPU.ActiveCfg = Debug|Any CPU
		{95E610CB-5082-40E1-9CC4-C4FC1BD12994}.Debug|Any CPU.Build.0 = Debug|Any CPU
		{95E610CB-5082-40E1-9CC4-C4FC1BD12994}.Release|Any CPU.ActiveCfg = Release|Any CPU
		{95E610CB-5082-40E1-9CC4-C4FC1BD12994}.Release|Any CPU.Build.0 = Release|Any CPU
		{4EE3DA27-3DDD-4D1D-81A3-663238A002AB}.Debug|Any CPU.ActiveCfg = Debug|Any CPU
		{4EE3DA27-3DDD-4D1D-81A3-663238A002AB}.Debug|Any CPU.Build.0 = Debug|Any CPU
		{4EE3DA27-3DDD-4D1D-81A3-663238A002AB}.Release|Any CPU.ActiveCfg = Release|Any CPU
		{4EE3DA27-3DDD-4D1D-81A3-663238A002AB}.Release|Any CPU.Build.0 = Release|Any CPU
		{8A425F7E-E248-4426-9B95-AB2672437EE2}.Debug|Any CPU.ActiveCfg = Debug|Any CPU
		{8A425F7E-E248-4426-9B95-AB2672437EE2}.Debug|Any CPU.Build.0 = Debug|Any CPU
		{8A425F7E-E248-4426-9B95-AB2672437EE2}.Release|Any CPU.ActiveCfg = Release|Any CPU
		{8A425F7E-E248-4426-9B95-AB2672437EE2}.Release|Any CPU.Build.0 = Release|Any CPU
		{87BE7FEC-E1D4-4FF4-98ED-204E19BD6D50}.Debug|Any CPU.ActiveCfg = Debug|Any CPU
		{87BE7FEC-E1D4-4FF4-98ED-204E19BD6D50}.Debug|Any CPU.Build.0 = Debug|Any CPU
		{87BE7FEC-E1D4-4FF4-98ED-204E19BD6D50}.Release|Any CPU.ActiveCfg = Release|Any CPU
		{87BE7FEC-E1D4-4FF4-98ED-204E19BD6D50}.Release|Any CPU.Build.0 = Release|Any CPU
		{31238FCE-422E-42BB-9D0D-0C9477C9FD23}.Debug|Any CPU.ActiveCfg = Debug|Any CPU
		{31238FCE-422E-42BB-9D0D-0C9477C9FD23}.Debug|Any CPU.Build.0 = Debug|Any CPU
		{31238FCE-422E-42BB-9D0D-0C9477C9FD23}.Release|Any CPU.ActiveCfg = Release|Any CPU
		{31238FCE-422E-42BB-9D0D-0C9477C9FD23}.Release|Any CPU.Build.0 = Release|Any CPU
		{554A504A-9F20-4C37-87C8-123CB86FB6FD}.Debug|Any CPU.ActiveCfg = Debug|Any CPU
		{554A504A-9F20-4C37-87C8-123CB86FB6FD}.Debug|Any CPU.Build.0 = Debug|Any CPU
		{554A504A-9F20-4C37-87C8-123CB86FB6FD}.Release|Any CPU.ActiveCfg = Release|Any CPU
		{554A504A-9F20-4C37-87C8-123CB86FB6FD}.Release|Any CPU.Build.0 = Release|Any CPU
		{7F72BD94-7CB4-4778-B5DA-89ACFBFF53AB}.Debug|Any CPU.ActiveCfg = Debug|Any CPU
		{7F72BD94-7CB4-4778-B5DA-89ACFBFF53AB}.Debug|Any CPU.Build.0 = Debug|Any CPU
		{7F72BD94-7CB4-4778-B5DA-89ACFBFF53AB}.Release|Any CPU.ActiveCfg = Release|Any CPU
		{7F72BD94-7CB4-4778-B5DA-89ACFBFF53AB}.Release|Any CPU.Build.0 = Release|Any CPU
		{3773845E-DC1C-4D55-87FF-FC2E6FDA4A3F}.Debug|Any CPU.ActiveCfg = Debug|Any CPU
		{3773845E-DC1C-4D55-87FF-FC2E6FDA4A3F}.Debug|Any CPU.Build.0 = Debug|Any CPU
		{3773845E-DC1C-4D55-87FF-FC2E6FDA4A3F}.Release|Any CPU.ActiveCfg = Release|Any CPU
		{3773845E-DC1C-4D55-87FF-FC2E6FDA4A3F}.Release|Any CPU.Build.0 = Release|Any CPU
		{C0DB86F8-F0AA-4277-ADA9-9EF494A3E37B}.Debug|Any CPU.ActiveCfg = Debug|Any CPU
		{C0DB86F8-F0AA-4277-ADA9-9EF494A3E37B}.Debug|Any CPU.Build.0 = Debug|Any CPU
		{C0DB86F8-F0AA-4277-ADA9-9EF494A3E37B}.Release|Any CPU.ActiveCfg = Release|Any CPU
		{C0DB86F8-F0AA-4277-ADA9-9EF494A3E37B}.Release|Any CPU.Build.0 = Release|Any CPU
		{3A3DBDC3-78CE-4B02-8CB5-2509452F30BD}.Debug|Any CPU.ActiveCfg = Debug|Any CPU
		{3A3DBDC3-78CE-4B02-8CB5-2509452F30BD}.Debug|Any CPU.Build.0 = Debug|Any CPU
		{3A3DBDC3-78CE-4B02-8CB5-2509452F30BD}.Release|Any CPU.ActiveCfg = Release|Any CPU
		{3A3DBDC3-78CE-4B02-8CB5-2509452F30BD}.Release|Any CPU.Build.0 = Release|Any CPU
		{A3032D74-C6CB-4CE0-98B8-EF14CD3DE7FA}.Debug|Any CPU.ActiveCfg = Debug|Any CPU
		{A3032D74-C6CB-4CE0-98B8-EF14CD3DE7FA}.Debug|Any CPU.Build.0 = Debug|Any CPU
		{A3032D74-C6CB-4CE0-98B8-EF14CD3DE7FA}.Release|Any CPU.ActiveCfg = Release|Any CPU
		{A3032D74-C6CB-4CE0-98B8-EF14CD3DE7FA}.Release|Any CPU.Build.0 = Release|Any CPU
		{E2B7FE46-0FC3-4515-83F4-48BD4ED29FA4}.Debug|Any CPU.ActiveCfg = Debug|Any CPU
		{E2B7FE46-0FC3-4515-83F4-48BD4ED29FA4}.Debug|Any CPU.Build.0 = Debug|Any CPU
		{E2B7FE46-0FC3-4515-83F4-48BD4ED29FA4}.Release|Any CPU.ActiveCfg = Release|Any CPU
		{E2B7FE46-0FC3-4515-83F4-48BD4ED29FA4}.Release|Any CPU.Build.0 = Release|Any CPU
		{775563A6-1957-403D-97F3-7B47053AFFF3}.Debug|Any CPU.ActiveCfg = Debug|Any CPU
		{775563A6-1957-403D-97F3-7B47053AFFF3}.Debug|Any CPU.Build.0 = Debug|Any CPU
		{775563A6-1957-403D-97F3-7B47053AFFF3}.Release|Any CPU.ActiveCfg = Release|Any CPU
		{775563A6-1957-403D-97F3-7B47053AFFF3}.Release|Any CPU.Build.0 = Release|Any CPU
		{87684B1B-358B-481C-9421-A9953FB7C12B}.Debug|Any CPU.ActiveCfg = Debug|Any CPU
		{87684B1B-358B-481C-9421-A9953FB7C12B}.Debug|Any CPU.Build.0 = Debug|Any CPU
		{87684B1B-358B-481C-9421-A9953FB7C12B}.Release|Any CPU.ActiveCfg = Release|Any CPU
		{87684B1B-358B-481C-9421-A9953FB7C12B}.Release|Any CPU.Build.0 = Release|Any CPU
	EndGlobalSection
	GlobalSection(SolutionProperties) = preSolution
		HideSolutionNode = FALSE
	EndGlobalSection
	GlobalSection(NestedProjects) = preSolution
		{95E610CB-5082-40E1-9CC4-C4FC1BD12994} = {43AB05B0-C106-4D40-B464-2E8808A5A233}
		{4EE3DA27-3DDD-4D1D-81A3-663238A002AB} = {43AB05B0-C106-4D40-B464-2E8808A5A233}
		{8A425F7E-E248-4426-9B95-AB2672437EE2} = {43AB05B0-C106-4D40-B464-2E8808A5A233}
		{87BE7FEC-E1D4-4FF4-98ED-204E19BD6D50} = {43AB05B0-C106-4D40-B464-2E8808A5A233}
		{31238FCE-422E-42BB-9D0D-0C9477C9FD23} = {43AB05B0-C106-4D40-B464-2E8808A5A233}
		{554A504A-9F20-4C37-87C8-123CB86FB6FD} = {43AB05B0-C106-4D40-B464-2E8808A5A233}
		{7F72BD94-7CB4-4778-B5DA-89ACFBFF53AB} = {43AB05B0-C106-4D40-B464-2E8808A5A233}
		{C0DB86F8-F0AA-4277-ADA9-9EF494A3E37B} = {43AB05B0-C106-4D40-B464-2E8808A5A233}
		{3A3DBDC3-78CE-4B02-8CB5-2509452F30BD} = {43AB05B0-C106-4D40-B464-2E8808A5A233}
		{A3032D74-C6CB-4CE0-98B8-EF14CD3DE7FA} = {43AB05B0-C106-4D40-B464-2E8808A5A233}
		{E2B7FE46-0FC3-4515-83F4-48BD4ED29FA4} = {43AB05B0-C106-4D40-B464-2E8808A5A233}
		{775563A6-1957-403D-97F3-7B47053AFFF3} = {43AB05B0-C106-4D40-B464-2E8808A5A233}
	EndGlobalSection
	GlobalSection(ExtensibilityGlobals) = postSolution
		SolutionGuid = {7F22E77A-E8EB-4CFD-B1D6-E193FEF21959}
	EndGlobalSection
EndGlobal
